
Microsoft Visual Studio Solution File, Format Version 12.00
# Visual Studio Version 17
VisualStudioVersion = 17.14.36401.2
MinimumVisualStudioVersion = 10.0.40219.1
Project("{FAE04EC0-301F-11D3-BF4B-00C04F79EFBC}") = "RangarangTestProjectDATA", "RangarangTestProjectDATA\RangarangTestProjectDATA.csproj", "{F17362AF-131D-4943-ABCE-EC8757A47988}"
EndProject
Project("{FAE04EC0-301F-11D3-BF4B-00C04F79EFBC}") = "RangarangTestProjectAPI", "RangarangTestProjectAPI\RangarangTestProjectAPI.csproj", "{054A8207-5C93-43DE-8D06-2E763F26FDF1}"
EndProject
Global
	GlobalSection(SolutionConfigurationPlatforms) = preSolution
		Debug|Any CPU = Debug|Any CPU
		Release|Any CPU = Release|Any CPU
	EndGlobalSection
	GlobalSection(ProjectConfigurationPlatforms) = postSolution
		{F17362AF-131D-4943-ABCE-EC8757A47988}.Debug|Any CPU.ActiveCfg = Debug|Any CPU
		{F17362AF-131D-4943-ABCE-EC8757A47988}.Debug|Any CPU.Build.0 = Debug|Any CPU
		{F17362AF-131D-4943-ABCE-EC8757A47988}.Release|Any CPU.ActiveCfg = Release|Any CPU
		{F17362AF-131D-4943-ABCE-EC8757A47988}.Release|Any CPU.Build.0 = Release|Any CPU
		{054A8207-5C93-43DE-8D06-2E763F26FDF1}.Debug|Any CPU.ActiveCfg = Debug|Any CPU
		{054A8207-5C93-43DE-8D06-2E763F26FDF1}.Debug|Any CPU.Build.0 = Debug|Any CPU
		{054A8207-5C93-43DE-8D06-2E763F26FDF1}.Release|Any CPU.ActiveCfg = Release|Any CPU
		{054A8207-5C93-43DE-8D06-2E763F26FDF1}.Release|Any CPU.Build.0 = Release|Any CPU
	EndGlobalSection
	GlobalSection(SolutionProperties) = preSolution
		HideSolutionNode = FALSE
	EndGlobalSection
	GlobalSection(ExtensibilityGlobals) = postSolution
		SolutionGuid = {C9C5C833-4A81-48E4-9023-769EC0409BF6}
	EndGlobalSection
EndGlobal
